
Microsoft Visual Studio Solution File, Format Version 12.00
Project("{FAE04EC0-301F-11D3-BF4B-00C04F79EFBC}") = "Toolkit.Blazor.Extensions.LocalStorage", "src\Toolkit.Blazor.Extensions.LocalStorage.csproj", "{3A68889F-F722-4F30-83A7-8E10B8E05F2C}"
EndProject
Global
	GlobalSection(SolutionConfigurationPlatforms) = preSolution
		Debug|Any CPU = Debug|Any CPU
		Release|Any CPU = Release|Any CPU
	EndGlobalSection
	GlobalSection(ProjectConfigurationPlatforms) = postSolution
		{3A68889F-F722-4F30-83A7-8E10B8E05F2C}.Debug|Any CPU.ActiveCfg = Debug|Any CPU
		{3A68889F-F722-4F30-83A7-8E10B8E05F2C}.Debug|Any CPU.Build.0 = Debug|Any CPU
		{3A68889F-F722-4F30-83A7-8E10B8E05F2C}.Release|Any CPU.ActiveCfg = Release|Any CPU
		{3A68889F-F722-4F30-83A7-8E10B8E05F2C}.Release|Any CPU.Build.0 = Release|Any CPU
	EndGlobalSection
EndGlobal
